
Microsoft Visual Studio Solution File, Format Version 12.00
# Visual Studio 2012
Project("{FAE04EC0-301F-11D3-BF4B-00C04F79EFBC}") = "HierarchyCollection", "Hierarchy\HierarchyCollection.csproj", "{1D346F2F-99B7-4EF9-9B6A-3FEEEB8BBD22}"
EndProject
Global
	GlobalSection(SolutionConfigurationPlatforms) = preSolution
		Debug|Any CPU = Debug|Any CPU
		Release|Any CPU = Release|Any CPU
	EndGlobalSection
	GlobalSection(ProjectConfigurationPlatforms) = postSolution
		{1D346F2F-99B7-4EF9-9B6A-3FEEEB8BBD22}.Debug|Any CPU.ActiveCfg = Debug|Any CPU
		{1D346F2F-99B7-4EF9-9B6A-3FEEEB8BBD22}.Debug|Any CPU.Build.0 = Debug|Any CPU
		{1D346F2F-99B7-4EF9-9B6A-3FEEEB8BBD22}.Release|Any CPU.ActiveCfg = Release|Any CPU
		{1D346F2F-99B7-4EF9-9B6A-3FEEEB8BBD22}.Release|Any CPU.Build.0 = Release|Any CPU
	EndGlobalSection
EndGlobal
